// !$*UTF8*$!
{
	archiveVersion = 1;
	classes = {
	};
	objectVersion = 50;
	objects = {

/* Begin PBXBuildFile section */
		CB0724DC223B61AD00CB463B /* PrepareTVC.m in Sources */ = {isa = PBXBuildFile; fileRef = CB0724DB223B61AD00CB463B /* PrepareTVC.m */; };
		CB0B6BFA223A0DE8000675DB /* Unit+CoreDataClass.m in Sources */ = {isa = PBXBuildFile; fileRef = CB0B6BF8223A0DE8000675DB /* Unit+CoreDataClass.m */; };
		CB0B6BFB223A0DE8000675DB /* Unit+CoreDataProperties.m in Sources */ = {isa = PBXBuildFile; fileRef = CB0B6BF9223A0DE8000675DB /* Unit+CoreDataProperties.m */; };
		CB30B46F223F2E3F00CF4592 /* UnitVC.m in Sources */ = {isa = PBXBuildFile; fileRef = CB30B46E223F2E3F00CF4592 /* UnitVC.m */; };
		CB381D112234A64500D16E87 /* CoreData.framework in Frameworks */ = {isa = PBXBuildFile; fileRef = CB381D102234A64500D16E87 /* CoreData.framework */; };
		CB381D162234A6AE00D16E87 /* CoreDataHelper.m in Sources */ = {isa = PBXBuildFile; fileRef = CB381D152234A6AE00D16E87 /* CoreDataHelper.m */; };
		CB381D202234F48C00D16E87 /* Model.xcdatamodeld in Sources */ = {isa = PBXBuildFile; fileRef = CB381D1E2234F48C00D16E87 /* Model.xcdatamodeld */; };
		CB381D302234F90000D16E87 /* Item+CoreDataProperties.m in Sources */ = {isa = PBXBuildFile; fileRef = CB381D2A2234F4EA00D16E87 /* Item+CoreDataProperties.m */; };
		CB381D312234F90000D16E87 /* Item+CoreDataClass.m in Sources */ = {isa = PBXBuildFile; fileRef = CB381D292234F4EA00D16E87 /* Item+CoreDataClass.m */; };
		CB7B00752235F0EF004ED213 /* Measurement+CoreDataClass.m in Sources */ = {isa = PBXBuildFile; fileRef = CB7B00732235F0EF004ED213 /* Measurement+CoreDataClass.m */; };
		CB7B00762235F0EF004ED213 /* Measurement+CoreDataProperties.m in Sources */ = {isa = PBXBuildFile; fileRef = CB7B00742235F0EF004ED213 /* Measurement+CoreDataProperties.m */; };
		CB8459A8223A4FB900E759AE /* Item+CoreDataProperties.m in Sources */ = {isa = PBXBuildFile; fileRef = CB8459A0223A4FB900E759AE /* Item+CoreDataProperties.m */; };
		CB8459AA223A4FB900E759AE /* Unit+CoreDataProperties.m in Sources */ = {isa = PBXBuildFile; fileRef = CB8459A4223A4FB900E759AE /* Unit+CoreDataProperties.m */; };
		CB8459AE223A567200E759AE /* CoreDataTVC.m in Sources */ = {isa = PBXBuildFile; fileRef = CB8459AD223A567200E759AE /* CoreDataTVC.m */; };
		CB85038322374364005884C1 /* Amount+CoreDataClass.m in Sources */ = {isa = PBXBuildFile; fileRef = CB85038122374364005884C1 /* Amount+CoreDataClass.m */; };
		CB85038422374364005884C1 /* Amount+CoreDataProperties.m in Sources */ = {isa = PBXBuildFile; fileRef = CB85038222374364005884C1 /* Amount+CoreDataProperties.m */; };
		CB850389223749CD005884C1 /* MigrationVC.m in Sources */ = {isa = PBXBuildFile; fileRef = CB850388223749CD005884C1 /* MigrationVC.m */; };
		CBA4499B2234A23A0041ACA7 /* AppDelegate.m in Sources */ = {isa = PBXBuildFile; fileRef = CBA4499A2234A23A0041ACA7 /* AppDelegate.m */; };
		CBA4499E2234A23A0041ACA7 /* ViewController.m in Sources */ = {isa = PBXBuildFile; fileRef = CBA4499D2234A23A0041ACA7 /* ViewController.m */; };
		CBA449A12234A23A0041ACA7 /* Main.storyboard in Resources */ = {isa = PBXBuildFile; fileRef = CBA4499F2234A23A0041ACA7 /* Main.storyboard */; };
		CBA449A62234A23B0041ACA7 /* Assets.xcassets in Resources */ = {isa = PBXBuildFile; fileRef = CBA449A52234A23B0041ACA7 /* Assets.xcassets */; };
		CBA449A92234A23B0041ACA7 /* LaunchScreen.storyboard in Resources */ = {isa = PBXBuildFile; fileRef = CBA449A72234A23B0041ACA7 /* LaunchScreen.storyboard */; };
		CBA449AC2234A23B0041ACA7 /* main.m in Sources */ = {isa = PBXBuildFile; fileRef = CBA449AB2234A23B0041ACA7 /* main.m */; };
		CBAFBFBF223F8D7700EF35B7 /* LocationAtHomeTVC.m in Sources */ = {isa = PBXBuildFile; fileRef = CBAFBFBE223F8D7700EF35B7 /* LocationAtHomeTVC.m */; };
		CBAFBFC2223F8D9000EF35B7 /* LocationAtHomeVC.m in Sources */ = {isa = PBXBuildFile; fileRef = CBAFBFC1223F8D9000EF35B7 /* LocationAtHomeVC.m */; };
		CBB0D37B223C8706003FE8E4 /* ShopTVC.m in Sources */ = {isa = PBXBuildFile; fileRef = CBB0D37A223C8706003FE8E4 /* ShopTVC.m */; };
		CBB0D37F223CFC8F003FE8E4 /* ItemVC.m in Sources */ = {isa = PBXBuildFile; fileRef = CBB0D37E223CFC8F003FE8E4 /* ItemVC.m */; };
		CBB0D383223E794E003FE8E4 /* UnitsTVC.m in Sources */ = {isa = PBXBuildFile; fileRef = CBB0D382223E794E003FE8E4 /* UnitsTVC.m */; };
/* End PBXBuildFile section */

/* Begin PBXFileReference section */
		CB0724DA223B61AD00CB463B /* PrepareTVC.h */ = {isa = PBXFileReference; lastKnownFileType = sourcecode.c.h; path = PrepareTVC.h; sourceTree = "<group>"; };
		CB0724DB223B61AD00CB463B /* PrepareTVC.m */ = {isa = PBXFileReference; lastKnownFileType = sourcecode.c.objc; path = PrepareTVC.m; sourceTree = "<group>"; };
		CB0B6BF1223A0C91000675DB /* GroceryDude 4.xcdatamodel */ = {isa = PBXFileReference; lastKnownFileType = wrapper.xcdatamodel; path = "GroceryDude 4.xcdatamodel"; sourceTree = "<group>"; };
		CB0B6BF6223A0DE8000675DB /* Unit+CoreDataProperties.h */ = {isa = PBXFileReference; lastKnownFileType = sourcecode.c.h; path = "Unit+CoreDataProperties.h"; sourceTree = "<group>"; };
		CB0B6BF7223A0DE8000675DB /* Unit+CoreDataClass.h */ = {isa = PBXFileReference; lastKnownFileType = sourcecode.c.h; path = "Unit+CoreDataClass.h"; sourceTree = "<group>"; };
		CB0B6BF8223A0DE8000675DB /* Unit+CoreDataClass.m */ = {isa = PBXFileReference; lastKnownFileType = sourcecode.c.objc; path = "Unit+CoreDataClass.m"; sourceTree = "<group>"; };
		CB0B6BF9223A0DE8000675DB /* Unit+CoreDataProperties.m */ = {isa = PBXFileReference; lastKnownFileType = sourcecode.c.objc; path = "Unit+CoreDataProperties.m"; sourceTree = "<group>"; };
		CB30B46D223F2E3F00CF4592 /* UnitVC.h */ = {isa = PBXFileReference; lastKnownFileType = sourcecode.c.h; path = UnitVC.h; sourceTree = "<group>"; };
		CB30B46E223F2E3F00CF4592 /* UnitVC.m */ = {isa = PBXFileReference; lastKnownFileType = sourcecode.c.objc; path = UnitVC.m; sourceTree = "<group>"; };
		CB381D102234A64500D16E87 /* CoreData.framework */ = {isa = PBXFileReference; lastKnownFileType = wrapper.framework; name = CoreData.framework; path = System/Library/Frameworks/CoreData.framework; sourceTree = SDKROOT; };
		CB381D142234A6AE00D16E87 /* CoreDataHelper.h */ = {isa = PBXFileReference; lastKnownFileType = sourcecode.c.h; path = CoreDataHelper.h; sourceTree = "<group>"; };
		CB381D152234A6AE00D16E87 /* CoreDataHelper.m */ = {isa = PBXFileReference; lastKnownFileType = sourcecode.c.objc; path = CoreDataHelper.m; sourceTree = "<group>"; };
		CB381D1F2234F48C00D16E87 /* GroceryDude.xcdatamodel */ = {isa = PBXFileReference; lastKnownFileType = wrapper.xcdatamodel; path = GroceryDude.xcdatamodel; sourceTree = "<group>"; };
		CB381D272234F4EA00D16E87 /* Item+CoreDataProperties.h */ = {isa = PBXFileReference; lastKnownFileType = sourcecode.c.h; path = "Item+CoreDataProperties.h"; sourceTree = "<group>"; };
		CB381D282234F4EA00D16E87 /* Item+CoreDataClass.h */ = {isa = PBXFileReference; lastKnownFileType = sourcecode.c.h; path = "Item+CoreDataClass.h"; sourceTree = "<group>"; };
		CB381D292234F4EA00D16E87 /* Item+CoreDataClass.m */ = {isa = PBXFileReference; lastKnownFileType = sourcecode.c.objc; path = "Item+CoreDataClass.m"; sourceTree = "<group>"; };
		CB381D2A2234F4EA00D16E87 /* Item+CoreDataProperties.m */ = {isa = PBXFileReference; lastKnownFileType = sourcecode.c.objc; path = "Item+CoreDataProperties.m"; sourceTree = "<group>"; };
		CB7B00702235EF72004ED213 /* GroceryDude 2.xcdatamodel */ = {isa = PBXFileReference; lastKnownFileType = wrapper.xcdatamodel; path = "GroceryDude 2.xcdatamodel"; sourceTree = "<group>"; };
		CB7B00712235F0EF004ED213 /* Measurement+CoreDataProperties.h */ = {isa = PBXFileReference; lastKnownFileType = sourcecode.c.h; path = "Measurement+CoreDataProperties.h"; sourceTree = "<group>"; };
		CB7B00722235F0EF004ED213 /* Measurement+CoreDataClass.h */ = {isa = PBXFileReference; lastKnownFileType = sourcecode.c.h; path = "Measurement+CoreDataClass.h"; sourceTree = "<group>"; };
		CB7B00732235F0EF004ED213 /* Measurement+CoreDataClass.m */ = {isa = PBXFileReference; lastKnownFileType = sourcecode.c.objc; path = "Measurement+CoreDataClass.m"; sourceTree = "<group>"; };
		CB7B00742235F0EF004ED213 /* Measurement+CoreDataProperties.m */ = {isa = PBXFileReference; lastKnownFileType = sourcecode.c.objc; path = "Measurement+CoreDataProperties.m"; sourceTree = "<group>"; };
		CB845977223A319F00E759AE /* GroceryDude 5.xcdatamodel */ = {isa = PBXFileReference; lastKnownFileType = wrapper.xcdatamodel; path = "GroceryDude 5.xcdatamodel"; sourceTree = "<group>"; };
		CB845983223A4C8700E759AE /* GroceryDude 6.xcdatamodel */ = {isa = PBXFileReference; lastKnownFileType = wrapper.xcdatamodel; path = "GroceryDude 6.xcdatamodel"; sourceTree = "<group>"; };
		CB84599F223A4FB900E759AE /* Item+CoreDataProperties.h */ = {isa = PBXFileReference; lastKnownFileType = sourcecode.c.h; path = "Item+CoreDataProperties.h"; sourceTree = "<group>"; };
		CB8459A0223A4FB900E759AE /* Item+CoreDataProperties.m */ = {isa = PBXFileReference; lastKnownFileType = sourcecode.c.objc; path = "Item+CoreDataProperties.m"; sourceTree = "<group>"; };
		CB8459A3223A4FB900E759AE /* Unit+CoreDataProperties.h */ = {isa = PBXFileReference; lastKnownFileType = sourcecode.c.h; path = "Unit+CoreDataProperties.h"; sourceTree = "<group>"; };
		CB8459A4223A4FB900E759AE /* Unit+CoreDataProperties.m */ = {isa = PBXFileReference; lastKnownFileType = sourcecode.c.objc; path = "Unit+CoreDataProperties.m"; sourceTree = "<group>"; };
		CB8459AC223A567200E759AE /* CoreDataTVC.h */ = {isa = PBXFileReference; lastKnownFileType = sourcecode.c.h; path = CoreDataTVC.h; sourceTree = "<group>"; };
		CB8459AD223A567200E759AE /* CoreDataTVC.m */ = {isa = PBXFileReference; lastKnownFileType = sourcecode.c.objc; path = CoreDataTVC.m; sourceTree = "<group>"; };
		CB85037E2237431B005884C1 /* GroceryDude 3.xcdatamodel */ = {isa = PBXFileReference; lastKnownFileType = wrapper.xcdatamodel; path = "GroceryDude 3.xcdatamodel"; sourceTree = "<group>"; };
		CB85037F22374364005884C1 /* Amount+CoreDataProperties.h */ = {isa = PBXFileReference; lastKnownFileType = sourcecode.c.h; path = "Amount+CoreDataProperties.h"; sourceTree = "<group>"; };
		CB85038022374364005884C1 /* Amount+CoreDataClass.h */ = {isa = PBXFileReference; lastKnownFileType = sourcecode.c.h; path = "Amount+CoreDataClass.h"; sourceTree = "<group>"; };
		CB85038122374364005884C1 /* Amount+CoreDataClass.m */ = {isa = PBXFileReference; lastKnownFileType = sourcecode.c.objc; path = "Amount+CoreDataClass.m"; sourceTree = "<group>"; };
		CB85038222374364005884C1 /* Amount+CoreDataProperties.m */ = {isa = PBXFileReference; lastKnownFileType = sourcecode.c.objc; path = "Amount+CoreDataProperties.m"; sourceTree = "<group>"; };
		CB850387223749CD005884C1 /* MigrationVC.h */ = {isa = PBXFileReference; lastKnownFileType = sourcecode.c.h; path = MigrationVC.h; sourceTree = "<group>"; };
		CB850388223749CD005884C1 /* MigrationVC.m */ = {isa = PBXFileReference; lastKnownFileType = sourcecode.c.objc; path = MigrationVC.m; sourceTree = "<group>"; };
		CBA449962234A23A0041ACA7 /* GroceryDude.app */ = {isa = PBXFileReference; explicitFileType = wrapper.application; includeInIndex = 0; path = GroceryDude.app; sourceTree = BUILT_PRODUCTS_DIR; };
		CBA449992234A23A0041ACA7 /* AppDelegate.h */ = {isa = PBXFileReference; lastKnownFileType = sourcecode.c.h; path = AppDelegate.h; sourceTree = "<group>"; };
		CBA4499A2234A23A0041ACA7 /* AppDelegate.m */ = {isa = PBXFileReference; lastKnownFileType = sourcecode.c.objc; path = AppDelegate.m; sourceTree = "<group>"; };
		CBA4499C2234A23A0041ACA7 /* ViewController.h */ = {isa = PBXFileReference; lastKnownFileType = sourcecode.c.h; path = ViewController.h; sourceTree = "<group>"; };
		CBA4499D2234A23A0041ACA7 /* ViewController.m */ = {isa = PBXFileReference; lastKnownFileType = sourcecode.c.objc; path = ViewController.m; sourceTree = "<group>"; };
		CBA449A02234A23A0041ACA7 /* Base */ = {isa = PBXFileReference; lastKnownFileType = file.storyboard; name = Base; path = Base.lproj/Main.storyboard; sourceTree = "<group>"; };
		CBA449A52234A23B0041ACA7 /* Assets.xcassets */ = {isa = PBXFileReference; lastKnownFileType = folder.assetcatalog; path = Assets.xcassets; sourceTree = "<group>"; };
		CBA449A82234A23B0041ACA7 /* Base */ = {isa = PBXFileReference; lastKnownFileType = file.storyboard; name = Base; path = Base.lproj/LaunchScreen.storyboard; sourceTree = "<group>"; };
		CBA449AA2234A23B0041ACA7 /* Info.plist */ = {isa = PBXFileReference; lastKnownFileType = text.plist.xml; path = Info.plist; sourceTree = "<group>"; };
		CBA449AB2234A23B0041ACA7 /* main.m */ = {isa = PBXFileReference; lastKnownFileType = sourcecode.c.objc; path = main.m; sourceTree = "<group>"; };
		CBAFBFBD223F8D7700EF35B7 /* LocationAtHomeTVC.h */ = {isa = PBXFileReference; lastKnownFileType = sourcecode.c.h; path = LocationAtHomeTVC.h; sourceTree = "<group>"; };
		CBAFBFBE223F8D7700EF35B7 /* LocationAtHomeTVC.m */ = {isa = PBXFileReference; lastKnownFileType = sourcecode.c.objc; path = LocationAtHomeTVC.m; sourceTree = "<group>"; };
		CBAFBFC0223F8D9000EF35B7 /* LocationAtHomeVC.h */ = {isa = PBXFileReference; lastKnownFileType = sourcecode.c.h; path = LocationAtHomeVC.h; sourceTree = "<group>"; };
		CBAFBFC1223F8D9000EF35B7 /* LocationAtHomeVC.m */ = {isa = PBXFileReference; lastKnownFileType = sourcecode.c.objc; path = LocationAtHomeVC.m; sourceTree = "<group>"; };
		CBB0D379223C8706003FE8E4 /* ShopTVC.h */ = {isa = PBXFileReference; lastKnownFileType = sourcecode.c.h; path = ShopTVC.h; sourceTree = "<group>"; };
		CBB0D37A223C8706003FE8E4 /* ShopTVC.m */ = {isa = PBXFileReference; lastKnownFileType = sourcecode.c.objc; path = ShopTVC.m; sourceTree = "<group>"; };
		CBB0D37D223CFC8F003FE8E4 /* ItemVC.h */ = {isa = PBXFileReference; lastKnownFileType = sourcecode.c.h; path = ItemVC.h; sourceTree = "<group>"; };
		CBB0D37E223CFC8F003FE8E4 /* ItemVC.m */ = {isa = PBXFileReference; lastKnownFileType = sourcecode.c.objc; path = ItemVC.m; sourceTree = "<group>"; };
		CBB0D381223E794E003FE8E4 /* UnitsTVC.h */ = {isa = PBXFileReference; lastKnownFileType = sourcecode.c.h; path = UnitsTVC.h; sourceTree = "<group>"; };
		CBB0D382223E794E003FE8E4 /* UnitsTVC.m */ = {isa = PBXFileReference; lastKnownFileType = sourcecode.c.objc; path = UnitsTVC.m; sourceTree = "<group>"; };
/* End PBXFileReference section */

/* Begin PBXFrameworksBuildPhase section */
		CBA449932234A23A0041ACA7 /* Frameworks */ = {
			isa = PBXFrameworksBuildPhase;
			buildActionMask = 2147483647;
			files = (
				CB381D112234A64500D16E87 /* CoreData.framework in Frameworks */,
			);
			runOnlyForDeploymentPostprocessing = 0;
		};
/* End PBXFrameworksBuildPhase section */

/* Begin PBXGroup section */
		CB0724D5223B5A8900CB463B /* CoreDataTVC */ = {
			isa = PBXGroup;
			children = (
				CB8459AC223A567200E759AE /* CoreDataTVC.h */,
				CB8459AD223A567200E759AE /* CoreDataTVC.m */,
			);
			name = CoreDataTVC;
			sourceTree = "<group>";
		};
		CB0724D6223B5A9F00CB463B /* AppDelegate */ = {
			isa = PBXGroup;
			children = (
				CBA449992234A23A0041ACA7 /* AppDelegate.h */,
				CBA4499A2234A23A0041ACA7 /* AppDelegate.m */,
			);
			name = AppDelegate;
			sourceTree = "<group>";
		};
		CB0724D7223B5AA600CB463B /* ViewController */ = {
			isa = PBXGroup;
			children = (
				CBA4499C2234A23A0041ACA7 /* ViewController.h */,
				CBA4499D2234A23A0041ACA7 /* ViewController.m */,
			);
			name = ViewController;
			sourceTree = "<group>";
		};
		CB0724D8223B5AB100CB463B /* MigrationVC */ = {
			isa = PBXGroup;
			children = (
				CB850387223749CD005884C1 /* MigrationVC.h */,
				CB850388223749CD005884C1 /* MigrationVC.m */,
			);
			name = MigrationVC;
			sourceTree = "<group>";
		};
		CB0724D9223B604B00CB463B /* PrepareTVC */ = {
			isa = PBXGroup;
			children = (
				CB0724DA223B61AD00CB463B /* PrepareTVC.h */,
				CB0724DB223B61AD00CB463B /* PrepareTVC.m */,
			);
			name = PrepareTVC;
			sourceTree = "<group>";
		};
		CB30B46C223F2C2D00CF4592 /* UnitVC */ = {
			isa = PBXGroup;
			children = (
				CB30B46D223F2E3F00CF4592 /* UnitVC.h */,
				CB30B46E223F2E3F00CF4592 /* UnitVC.m */,
			);
			name = UnitVC;
			sourceTree = "<group>";
		};
		CB381D0F2234A64500D16E87 /* Frameworks */ = {
			isa = PBXGroup;
			children = (
				CB381D102234A64500D16E87 /* CoreData.framework */,
			);
			name = Frameworks;
			sourceTree = "<group>";
		};
		CB381D172234E87600D16E87 /* Core Data Helper */ = {
			isa = PBXGroup;
			children = (
				CB381D142234A6AE00D16E87 /* CoreDataHelper.h */,
				CB381D152234A6AE00D16E87 /* CoreDataHelper.m */,
			);
			name = "Core Data Helper";
			sourceTree = "<group>";
		};
		CB381D182234EB9B00D16E87 /* Supporting Files */ = {
			isa = PBXGroup;
			children = (
				CBA4499F2234A23A0041ACA7 /* Main.storyboard */,
				CBA449A72234A23B0041ACA7 /* LaunchScreen.storyboard */,
				CBA449A52234A23B0041ACA7 /* Assets.xcassets */,
				CBA449AA2234A23B0041ACA7 /* Info.plist */,
				CBA449AB2234A23B0041ACA7 /* main.m */,
			);
			name = "Supporting Files";
			sourceTree = "<group>";
		};
		CB381D192234EBBF00D16E87 /* Controllers */ = {
			isa = PBXGroup;
			children = (
				CBAFBFBA223F8D2200EF35B7 /* HomeLocations */,
				CBAFBFB8223F8CE100EF35B7 /* Units */,
				CBAFBFB9223F8D0200EF35B7 /* Items */,
				CB0724D6223B5A9F00CB463B /* AppDelegate */,
				CB0724D7223B5AA600CB463B /* ViewController */,
				CB0724D8223B5AB100CB463B /* MigrationVC */,
				CB0724D5223B5A8900CB463B /* CoreDataTVC */,
				CBB0D378223C86E5003FE8E4 /* ShopTVC */,
			);
			name = Controllers;
			sourceTree = "<group>";
		};
		CB381D1A2234EBCB00D16E87 /* Data Models */ = {
			isa = PBXGroup;
			children = (
				CB84599F223A4FB900E759AE /* Item+CoreDataProperties.h */,
				CB8459A0223A4FB900E759AE /* Item+CoreDataProperties.m */,
				CB8459A3223A4FB900E759AE /* Unit+CoreDataProperties.h */,
				CB8459A4223A4FB900E759AE /* Unit+CoreDataProperties.m */,
				CB85037F22374364005884C1 /* Amount+CoreDataProperties.h */,
				CB85038022374364005884C1 /* Amount+CoreDataClass.h */,
				CB85038122374364005884C1 /* Amount+CoreDataClass.m */,
				CB85038222374364005884C1 /* Amount+CoreDataProperties.m */,
				CB381D272234F4EA00D16E87 /* Item+CoreDataProperties.h */,
				CB381D2A2234F4EA00D16E87 /* Item+CoreDataProperties.m */,
				CB381D282234F4EA00D16E87 /* Item+CoreDataClass.h */,
				CB381D292234F4EA00D16E87 /* Item+CoreDataClass.m */,
				CB7B00712235F0EF004ED213 /* Measurement+CoreDataProperties.h */,
				CB7B00722235F0EF004ED213 /* Measurement+CoreDataClass.h */,
				CB7B00732235F0EF004ED213 /* Measurement+CoreDataClass.m */,
				CB7B00742235F0EF004ED213 /* Measurement+CoreDataProperties.m */,
				CB0B6BF6223A0DE8000675DB /* Unit+CoreDataProperties.h */,
				CB0B6BF7223A0DE8000675DB /* Unit+CoreDataClass.h */,
				CB0B6BF8223A0DE8000675DB /* Unit+CoreDataClass.m */,
				CB0B6BF9223A0DE8000675DB /* Unit+CoreDataProperties.m */,
				CB381D1E2234F48C00D16E87 /* Model.xcdatamodeld */,
				CB381D172234E87600D16E87 /* Core Data Helper */,
			);
			name = "Data Models";
			sourceTree = "<group>";
		};
		CBA4498D2234A23A0041ACA7 = {
			isa = PBXGroup;
			children = (
				CBA449982234A23A0041ACA7 /* GroceryDude */,
				CBA449972234A23A0041ACA7 /* Products */,
				CB381D0F2234A64500D16E87 /* Frameworks */,
			);
			sourceTree = "<group>";
		};
		CBA449972234A23A0041ACA7 /* Products */ = {
			isa = PBXGroup;
			children = (
				CBA449962234A23A0041ACA7 /* GroceryDude.app */,
			);
			name = Products;
			sourceTree = "<group>";
		};
		CBA449982234A23A0041ACA7 /* GroceryDude */ = {
			isa = PBXGroup;
			children = (
				CB381D1A2234EBCB00D16E87 /* Data Models */,
				CB381D192234EBBF00D16E87 /* Controllers */,
				CB381D182234EB9B00D16E87 /* Supporting Files */,
			);
			path = GroceryDude;
			sourceTree = "<group>";
		};
		CBAFBFB8223F8CE100EF35B7 /* Units */ = {
			isa = PBXGroup;
			children = (
				CB30B46C223F2C2D00CF4592 /* UnitVC */,
				CBB0D380223E5E1C003FE8E4 /* UnitsTVC */,
			);
			name = Units;
			sourceTree = "<group>";
		};
		CBAFBFB9223F8D0200EF35B7 /* Items */ = {
			isa = PBXGroup;
			children = (
				CBB0D37C223CFC76003FE8E4 /* ItemVC */,
				CB0724D9223B604B00CB463B /* PrepareTVC */,
			);
			name = Items;
			sourceTree = "<group>";
		};
		CBAFBFBA223F8D2200EF35B7 /* HomeLocations */ = {
			isa = PBXGroup;
			children = (
				CBAFBFBC223F8D2B00EF35B7 /* LocationAtHomeTVC */,
				CBAFBFBB223F8D2B00EF35B7 /* LocationAtHomeVC */,
			);
			name = HomeLocations;
			sourceTree = "<group>";
		};
		CBAFBFBB223F8D2B00EF35B7 /* LocationAtHomeVC */ = {
			isa = PBXGroup;
			children = (
				CBAFBFC0223F8D9000EF35B7 /* LocationAtHomeVC.h */,
				CBAFBFC1223F8D9000EF35B7 /* LocationAtHomeVC.m */,
			);
			name = LocationAtHomeVC;
			sourceTree = "<group>";
		};
		CBAFBFBC223F8D2B00EF35B7 /* LocationAtHomeTVC */ = {
			isa = PBXGroup;
			children = (
				CBAFBFBD223F8D7700EF35B7 /* LocationAtHomeTVC.h */,
				CBAFBFBE223F8D7700EF35B7 /* LocationAtHomeTVC.m */,
			);
			name = LocationAtHomeTVC;
			sourceTree = "<group>";
		};
		CBB0D378223C86E5003FE8E4 /* ShopTVC */ = {
			isa = PBXGroup;
			children = (
				CBB0D379223C8706003FE8E4 /* ShopTVC.h */,
				CBB0D37A223C8706003FE8E4 /* ShopTVC.m */,
			);
			name = ShopTVC;
			sourceTree = "<group>";
		};
		CBB0D37C223CFC76003FE8E4 /* ItemVC */ = {
			isa = PBXGroup;
			children = (
				CBB0D37D223CFC8F003FE8E4 /* ItemVC.h */,
				CBB0D37E223CFC8F003FE8E4 /* ItemVC.m */,
			);
			name = ItemVC;
			sourceTree = "<group>";
		};
		CBB0D380223E5E1C003FE8E4 /* UnitsTVC */ = {
			isa = PBXGroup;
			children = (
				CBB0D381223E794E003FE8E4 /* UnitsTVC.h */,
				CBB0D382223E794E003FE8E4 /* UnitsTVC.m */,
			);
			name = UnitsTVC;
			sourceTree = "<group>";
		};
/* End PBXGroup section */

/* Begin PBXNativeTarget section */
		CBA449952234A23A0041ACA7 /* GroceryDude */ = {
			isa = PBXNativeTarget;
			buildConfigurationList = CBA449AF2234A23B0041ACA7 /* Build configuration list for PBXNativeTarget "GroceryDude" */;
			buildPhases = (
				CBA449922234A23A0041ACA7 /* Sources */,
				CBA449932234A23A0041ACA7 /* Frameworks */,
				CBA449942234A23A0041ACA7 /* Resources */,
			);
			buildRules = (
			);
			dependencies = (
			);
			name = GroceryDude;
			productName = GroceryDude;
			productReference = CBA449962234A23A0041ACA7 /* GroceryDude.app */;
			productType = "com.apple.product-type.application";
		};
/* End PBXNativeTarget section */

/* Begin PBXProject section */
		CBA4498E2234A23A0041ACA7 /* Project object */ = {
			isa = PBXProject;
			attributes = {
				LastUpgradeCheck = 1020;
				ORGANIZATIONNAME = "Nguyễn Tấn Cường";
				TargetAttributes = {
					CBA449952234A23A0041ACA7 = {
						CreatedOnToolsVersion = 10.2;
					};
				};
			};
			buildConfigurationList = CBA449912234A23A0041ACA7 /* Build configuration list for PBXProject "GroceryDude" */;
			compatibilityVersion = "Xcode 9.3";
			developmentRegion = en;
			hasScannedForEncodings = 0;
			knownRegions = (
				en,
				Base,
			);
			mainGroup = CBA4498D2234A23A0041ACA7;
			productRefGroup = CBA449972234A23A0041ACA7 /* Products */;
			projectDirPath = "";
			projectRoot = "";
			targets = (
				CBA449952234A23A0041ACA7 /* GroceryDude */,
			);
		};
/* End PBXProject section */

/* Begin PBXResourcesBuildPhase section */
		CBA449942234A23A0041ACA7 /* Resources */ = {
			isa = PBXResourcesBuildPhase;
			buildActionMask = 2147483647;
			files = (
				CBA449A92234A23B0041ACA7 /* LaunchScreen.storyboard in Resources */,
				CBA449A62234A23B0041ACA7 /* Assets.xcassets in Resources */,
				CBA449A12234A23A0041ACA7 /* Main.storyboard in Resources */,
			);
			runOnlyForDeploymentPostprocessing = 0;
		};
/* End PBXResourcesBuildPhase section */

/* Begin PBXSourcesBuildPhase section */
		CBA449922234A23A0041ACA7 /* Sources */ = {
			isa = PBXSourcesBuildPhase;
			buildActionMask = 2147483647;
			files = (
				CB7B00752235F0EF004ED213 /* Measurement+CoreDataClass.m in Sources */,
				CB381D302234F90000D16E87 /* Item+CoreDataProperties.m in Sources */,
				CB30B46F223F2E3F00CF4592 /* UnitVC.m in Sources */,
				CB8459AA223A4FB900E759AE /* Unit+CoreDataProperties.m in Sources */,
				CB381D312234F90000D16E87 /* Item+CoreDataClass.m in Sources */,
				CBAFBFBF223F8D7700EF35B7 /* LocationAtHomeTVC.m in Sources */,
				CB85038322374364005884C1 /* Amount+CoreDataClass.m in Sources */,
				CB85038422374364005884C1 /* Amount+CoreDataProperties.m in Sources */,
				CBA4499E2234A23A0041ACA7 /* ViewController.m in Sources */,
				CB0B6BFB223A0DE8000675DB /* Unit+CoreDataProperties.m in Sources */,
				CBA449AC2234A23B0041ACA7 /* main.m in Sources */,
				CB0724DC223B61AD00CB463B /* PrepareTVC.m in Sources */,
				CB850389223749CD005884C1 /* MigrationVC.m in Sources */,
				CBAFBFC2223F8D9000EF35B7 /* LocationAtHomeVC.m in Sources */,
				CB0B6BFA223A0DE8000675DB /* Unit+CoreDataClass.m in Sources */,
				CBB0D37F223CFC8F003FE8E4 /* ItemVC.m in Sources */,
				CBB0D383223E794E003FE8E4 /* UnitsTVC.m in Sources */,
				CB7B00762235F0EF004ED213 /* Measurement+CoreDataProperties.m in Sources */,
				CB8459AE223A567200E759AE /* CoreDataTVC.m in Sources */,
				CBB0D37B223C8706003FE8E4 /* ShopTVC.m in Sources */,
				CB381D202234F48C00D16E87 /* Model.xcdatamodeld in Sources */,
				CB381D162234A6AE00D16E87 /* CoreDataHelper.m in Sources */,
				CB8459A8223A4FB900E759AE /* Item+CoreDataProperties.m in Sources */,
				CBA4499B2234A23A0041ACA7 /* AppDelegate.m in Sources */,
			);
			runOnlyForDeploymentPostprocessing = 0;
		};
/* End PBXSourcesBuildPhase section */

/* Begin PBXVariantGroup section */
		CBA4499F2234A23A0041ACA7 /* Main.storyboard */ = {
			isa = PBXVariantGroup;
			children = (
				CBA449A02234A23A0041ACA7 /* Base */,
			);
			name = Main.storyboard;
			sourceTree = "<group>";
		};
		CBA449A72234A23B0041ACA7 /* LaunchScreen.storyboard */ = {
			isa = PBXVariantGroup;
			children = (
				CBA449A82234A23B0041ACA7 /* Base */,
			);
			name = LaunchScreen.storyboard;
			sourceTree = "<group>";
		};
/* End PBXVariantGroup section */

/* Begin XCBuildConfiguration section */
		CBA449AD2234A23B0041ACA7 /* Debug */ = {
			isa = XCBuildConfiguration;
			buildSettings = {
				ALWAYS_SEARCH_USER_PATHS = NO;
				CLANG_ANALYZER_NONNULL = YES;
				CLANG_ANALYZER_NUMBER_OBJECT_CONVERSION = YES_AGGRESSIVE;
				CLANG_CXX_LANGUAGE_STANDARD = "gnu++14";
				CLANG_CXX_LIBRARY = "libc++";
				CLANG_ENABLE_MODULES = YES;
				CLANG_ENABLE_OBJC_ARC = YES;
				CLANG_ENABLE_OBJC_WEAK = YES;
				CLANG_WARN_BLOCK_CAPTURE_AUTORELEASING = YES;
				CLANG_WARN_BOOL_CONVERSION = YES;
				CLANG_WARN_COMMA = YES;
				CLANG_WARN_CONSTANT_CONVERSION = YES;
				CLANG_WARN_DEPRECATED_OBJC_IMPLEMENTATIONS = YES;
				CLANG_WARN_DIRECT_OBJC_ISA_USAGE = YES_ERROR;
				CLANG_WARN_DOCUMENTATION_COMMENTS = YES;
				CLANG_WARN_EMPTY_BODY = YES;
				CLANG_WARN_ENUM_CONVERSION = YES;
				CLANG_WARN_INFINITE_RECURSION = YES;
				CLANG_WARN_INT_CONVERSION = YES;
				CLANG_WARN_NON_LITERAL_NULL_CONVERSION = YES;
				CLANG_WARN_OBJC_IMPLICIT_RETAIN_SELF = YES;
				CLANG_WARN_OBJC_LITERAL_CONVERSION = YES;
				CLANG_WARN_OBJC_ROOT_CLASS = YES_ERROR;
				CLANG_WARN_RANGE_LOOP_ANALYSIS = YES;
				CLANG_WARN_STRICT_PROTOTYPES = YES;
				CLANG_WARN_SUSPICIOUS_MOVE = YES;
				CLANG_WARN_UNGUARDED_AVAILABILITY = YES_AGGRESSIVE;
				CLANG_WARN_UNREACHABLE_CODE = YES;
				CLANG_WARN__DUPLICATE_METHOD_MATCH = YES;
				CODE_SIGN_IDENTITY = "iPhone Developer";
				COPY_PHASE_STRIP = NO;
				DEBUG_INFORMATION_FORMAT = dwarf;
				ENABLE_STRICT_OBJC_MSGSEND = YES;
				ENABLE_TESTABILITY = YES;
				GCC_C_LANGUAGE_STANDARD = gnu11;
				GCC_DYNAMIC_NO_PIC = NO;
				GCC_NO_COMMON_BLOCKS = YES;
				GCC_OPTIMIZATION_LEVEL = 0;
				GCC_PREPROCESSOR_DEFINITIONS = (
					"DEBUG=1",
					"$(inherited)",
				);
				GCC_WARN_64_TO_32_BIT_CONVERSION = YES;
				GCC_WARN_ABOUT_RETURN_TYPE = YES_ERROR;
				GCC_WARN_UNDECLARED_SELECTOR = YES;
				GCC_WARN_UNINITIALIZED_AUTOS = YES_AGGRESSIVE;
				GCC_WARN_UNUSED_FUNCTION = YES;
				GCC_WARN_UNUSED_VARIABLE = YES;
				IPHONEOS_DEPLOYMENT_TARGET = 12.2;
				MTL_ENABLE_DEBUG_INFO = INCLUDE_SOURCE;
				MTL_FAST_MATH = YES;
				ONLY_ACTIVE_ARCH = YES;
				SDKROOT = iphoneos;
			};
			name = Debug;
		};
		CBA449AE2234A23B0041ACA7 /* Release */ = {
			isa = XCBuildConfiguration;
			buildSettings = {
				ALWAYS_SEARCH_USER_PATHS = NO;
				CLANG_ANALYZER_NONNULL = YES;
				CLANG_ANALYZER_NUMBER_OBJECT_CONVERSION = YES_AGGRESSIVE;
				CLANG_CXX_LANGUAGE_STANDARD = "gnu++14";
				CLANG_CXX_LIBRARY = "libc++";
				CLANG_ENABLE_MODULES = YES;
				CLANG_ENABLE_OBJC_ARC = YES;
				CLANG_ENABLE_OBJC_WEAK = YES;
				CLANG_WARN_BLOCK_CAPTURE_AUTORELEASING = YES;
				CLANG_WARN_BOOL_CONVERSION = YES;
				CLANG_WARN_COMMA = YES;
				CLANG_WARN_CONSTANT_CONVERSION = YES;
				CLANG_WARN_DEPRECATED_OBJC_IMPLEMENTATIONS = YES;
				CLANG_WARN_DIRECT_OBJC_ISA_USAGE = YES_ERROR;
				CLANG_WARN_DOCUMENTATION_COMMENTS = YES;
				CLANG_WARN_EMPTY_BODY = YES;
				CLANG_WARN_ENUM_CONVERSION = YES;
				CLANG_WARN_INFINITE_RECURSION = YES;
				CLANG_WARN_INT_CONVERSION = YES;
				CLANG_WARN_NON_LITERAL_NULL_CONVERSION = YES;
				CLANG_WARN_OBJC_IMPLICIT_RETAIN_SELF = YES;
				CLANG_WARN_OBJC_LITERAL_CONVERSION = YES;
				CLANG_WARN_OBJC_ROOT_CLASS = YES_ERROR;
				CLANG_WARN_RANGE_LOOP_ANALYSIS = YES;
				CLANG_WARN_STRICT_PROTOTYPES = YES;
				CLANG_WARN_SUSPICIOUS_MOVE = YES;
				CLANG_WARN_UNGUARDED_AVAILABILITY = YES_AGGRESSIVE;
				CLANG_WARN_UNREACHABLE_CODE = YES;
				CLANG_WARN__DUPLICATE_METHOD_MATCH = YES;
				CODE_SIGN_IDENTITY = "iPhone Developer";
				COPY_PHASE_STRIP = NO;
				DEBUG_INFORMATION_FORMAT = "dwarf-with-dsym";
				ENABLE_NS_ASSERTIONS = NO;
				ENABLE_STRICT_OBJC_MSGSEND = YES;
				GCC_C_LANGUAGE_STANDARD = gnu11;
				GCC_NO_COMMON_BLOCKS = YES;
				GCC_WARN_64_TO_32_BIT_CONVERSION = YES;
				GCC_WARN_ABOUT_RETURN_TYPE = YES_ERROR;
				GCC_WARN_UNDECLARED_SELECTOR = YES;
				GCC_WARN_UNINITIALIZED_AUTOS = YES_AGGRESSIVE;
				GCC_WARN_UNUSED_FUNCTION = YES;
				GCC_WARN_UNUSED_VARIABLE = YES;
				IPHONEOS_DEPLOYMENT_TARGET = 12.2;
				MTL_ENABLE_DEBUG_INFO = NO;
				MTL_FAST_MATH = YES;
				SDKROOT = iphoneos;
				VALIDATE_PRODUCT = YES;
			};
			name = Release;
		};
		CBA449B02234A23B0041ACA7 /* Debug */ = {
			isa = XCBuildConfiguration;
			buildSettings = {
				ASSETCATALOG_COMPILER_APPICON_NAME = AppIcon;
				CODE_SIGN_STYLE = Automatic;
				DEVELOPMENT_TEAM = ZP24FBUW2V;
				INFOPLIST_FILE = GroceryDude/Info.plist;
				IPHONEOS_DEPLOYMENT_TARGET = 11.2;
				LD_RUNPATH_SEARCH_PATHS = (
					"$(inherited)",
					"@executable_path/Frameworks",
				);
				PRODUCT_BUNDLE_IDENTIFIER = com.omega.tutorial;
				PRODUCT_NAME = "$(TARGET_NAME)";
				TARGETED_DEVICE_FAMILY = 1;
			};
			name = Debug;
		};
		CBA449B12234A23B0041ACA7 /* Release */ = {
			isa = XCBuildConfiguration;
			buildSettings = {
				ASSETCATALOG_COMPILER_APPICON_NAME = AppIcon;
				CODE_SIGN_STYLE = Automatic;
				DEVELOPMENT_TEAM = ZP24FBUW2V;
				INFOPLIST_FILE = GroceryDude/Info.plist;
				IPHONEOS_DEPLOYMENT_TARGET = 11.2;
				LD_RUNPATH_SEARCH_PATHS = (
					"$(inherited)",
					"@executable_path/Frameworks",
				);
				PRODUCT_BUNDLE_IDENTIFIER = com.omega.tutorial;
				PRODUCT_NAME = "$(TARGET_NAME)";
				TARGETED_DEVICE_FAMILY = 1;
			};
			name = Release;
		};
/* End XCBuildConfiguration section */

/* Begin XCConfigurationList section */
		CBA449912234A23A0041ACA7 /* Build configuration list for PBXProject "GroceryDude" */ = {
			isa = XCConfigurationList;
			buildConfigurations = (
				CBA449AD2234A23B0041ACA7 /* Debug */,
				CBA449AE2234A23B0041ACA7 /* Release */,
			);
			defaultConfigurationIsVisible = 0;
			defaultConfigurationName = Release;
		};
		CBA449AF2234A23B0041ACA7 /* Build configuration list for PBXNativeTarget "GroceryDude" */ = {
			isa = XCConfigurationList;
			buildConfigurations = (
				CBA449B02234A23B0041ACA7 /* Debug */,
				CBA449B12234A23B0041ACA7 /* Release */,
			);
			defaultConfigurationIsVisible = 0;
			defaultConfigurationName = Release;
		};
/* End XCConfigurationList section */

/* Begin XCVersionGroup section */
		CB381D1E2234F48C00D16E87 /* Model.xcdatamodeld */ = {
			isa = XCVersionGroup;
			children = (
				CB845983223A4C8700E759AE /* GroceryDude 6.xcdatamodel */,
				CB845977223A319F00E759AE /* GroceryDude 5.xcdatamodel */,
				CB0B6BF1223A0C91000675DB /* GroceryDude 4.xcdatamodel */,
				CB85037E2237431B005884C1 /* GroceryDude 3.xcdatamodel */,
				CB7B00702235EF72004ED213 /* GroceryDude 2.xcdatamodel */,
				CB381D1F2234F48C00D16E87 /* GroceryDude.xcdatamodel */,
			);
			currentVersion = CB845983223A4C8700E759AE /* GroceryDude 6.xcdatamodel */;
			path = Model.xcdatamodeld;
			sourceTree = "<group>";
			versionGroupType = wrapper.xcdatamodel;
		};
/* End XCVersionGroup section */
	};
	rootObject = CBA4498E2234A23A0041ACA7 /* Project object */;
}
